
Microsoft Visual Studio Solution File, Format Version 12.00
# Visual Studio Version 17
VisualStudioVersion = 17.8.34322.80
MinimumVisualStudioVersion = 10.0.40219.1
Project("{FAE04EC0-301F-11D3-BF4B-00C04F79EFBC}") = "ContactsApp", "ContactsApp.csproj", "{7ABBA7C3-B45F-47C6-86E1-5FE413CBC502}"
EndProject
Global
	GlobalSection(SolutionConfigurationPlatforms) = preSolution
		Debug|Any CPU = Debug|Any CPU
		Release|Any CPU = Release|Any CPU
	EndGlobalSection
	GlobalSection(ProjectConfigurationPlatforms) = postSolution
		{7ABBA7C3-B45F-47C6-86E1-5FE413CBC502}.Debug|Any CPU.ActiveCfg = Debug|Any CPU
		{7ABBA7C3-B45F-47C6-86E1-5FE413CBC502}.Debug|Any CPU.Build.0 = Debug|Any CPU
		{7ABBA7C3-B45F-47C6-86E1-5FE413CBC502}.Release|Any CPU.ActiveCfg = Release|Any CPU
		{7ABBA7C3-B45F-47C6-86E1-5FE413CBC502}.Release|Any CPU.Build.0 = Release|Any CPU
	EndGlobalSection
	GlobalSection(SolutionProperties) = preSolution
		HideSolutionNode = FALSE
	EndGlobalSection
	GlobalSection(ExtensibilityGlobals) = postSolution
		SolutionGuid = {1E213E97-3179-41C7-B743-AA186B90A21A}
	EndGlobalSection
EndGlobal
